
Microsoft Visual Studio Solution File, Format Version 12.00
# Visual Studio Version 17
VisualStudioVersion = 17.4.33103.184
MinimumVisualStudioVersion = 10.0.40219.1
Project("{FAE04EC0-301F-11D3-BF4B-00C04F79EFBC}") = "Milabowl.Processing", "Milabowl.Processing\Milabowl.Processing.csproj", "{31624657-B792-468A-B1F8-3E7B80BA898D}"
EndProject
Project("{FAE04EC0-301F-11D3-BF4B-00C04F79EFBC}") = "Milabowl.Milalytics", "Milabowl.Milalytics\Milabowl.Milalytics.csproj", "{E1DA0997-DCC1-4C32-B777-24DAE0C2A946}"
EndProject
Project("{FAE04EC0-301F-11D3-BF4B-00C04F79EFBC}") = "Milabowl.Processing.Tests", "Milabowl.Processing.Tests\Milabowl.Processing.Tests.csproj", "{A4EA31DB-3302-480E-B18D-2047B488F5D6}"
EndProject
Project("{FAE04EC0-301F-11D3-BF4B-00C04F79EFBC}") = "Milabowl.Snapshot", "Milabowl.Snapshot\Milabowl.Snapshot.csproj", "{1494A120-339C-4F40-BC00-17BD3C073500}"
EndProject
Global
	GlobalSection(SolutionConfigurationPlatforms) = preSolution
		Debug|Any CPU = Debug|Any CPU
		Release|Any CPU = Release|Any CPU
	EndGlobalSection
	GlobalSection(ProjectConfigurationPlatforms) = postSolution
		{31624657-B792-468A-B1F8-3E7B80BA898D}.Debug|Any CPU.ActiveCfg = Debug|Any CPU
		{31624657-B792-468A-B1F8-3E7B80BA898D}.Debug|Any CPU.Build.0 = Debug|Any CPU
		{31624657-B792-468A-B1F8-3E7B80BA898D}.Release|Any CPU.ActiveCfg = Release|Any CPU
		{31624657-B792-468A-B1F8-3E7B80BA898D}.Release|Any CPU.Build.0 = Release|Any CPU
		{E1DA0997-DCC1-4C32-B777-24DAE0C2A946}.Debug|Any CPU.ActiveCfg = Debug|Any CPU
		{E1DA0997-DCC1-4C32-B777-24DAE0C2A946}.Debug|Any CPU.Build.0 = Debug|Any CPU
		{E1DA0997-DCC1-4C32-B777-24DAE0C2A946}.Release|Any CPU.ActiveCfg = Release|Any CPU
		{E1DA0997-DCC1-4C32-B777-24DAE0C2A946}.Release|Any CPU.Build.0 = Release|Any CPU
		{A4EA31DB-3302-480E-B18D-2047B488F5D6}.Debug|Any CPU.ActiveCfg = Debug|Any CPU
		{A4EA31DB-3302-480E-B18D-2047B488F5D6}.Debug|Any CPU.Build.0 = Debug|Any CPU
		{A4EA31DB-3302-480E-B18D-2047B488F5D6}.Release|Any CPU.ActiveCfg = Release|Any CPU
		{A4EA31DB-3302-480E-B18D-2047B488F5D6}.Release|Any CPU.Build.0 = Release|Any CPU
		{1494A120-339C-4F40-BC00-17BD3C073500}.Debug|Any CPU.ActiveCfg = Debug|Any CPU
		{1494A120-339C-4F40-BC00-17BD3C073500}.Debug|Any CPU.Build.0 = Debug|Any CPU
		{1494A120-339C-4F40-BC00-17BD3C073500}.Release|Any CPU.ActiveCfg = Release|Any CPU
		{1494A120-339C-4F40-BC00-17BD3C073500}.Release|Any CPU.Build.0 = Release|Any CPU
	EndGlobalSection
	GlobalSection(SolutionProperties) = preSolution
		HideSolutionNode = FALSE
	EndGlobalSection
	GlobalSection(ExtensibilityGlobals) = postSolution
		SolutionGuid = {7BDB5089-9657-4DEC-BC5A-620718AFEA8D}
	EndGlobalSection
EndGlobal
